
Microsoft Visual Studio Solution File, Format Version 12.00
# Visual Studio 15
VisualStudioVersion = 15.0.26124.0
MinimumVisualStudioVersion = 15.0.26124.0
Project("{2150E333-8FDC-42A3-9474-1A3956D46DE8}") = "src", "src", "{C8B323D3-1BCA-4B50-8399-E5318479AD48}"
EndProject
Project("{FAE04EC0-301F-11D3-BF4B-00C04F79EFBC}") = "SimpleAPI", "src\SimpleAPI\SimpleAPI.csproj", "{59DA0F87-76AE-47CB-94B5-5E29EFEE1C9C}"
EndProject
Project("{2150E333-8FDC-42A3-9474-1A3956D46DE8}") = "test", "test", "{385FCEDB-1EE8-4528-B94D-A44BBF62E387}"
EndProject
Project("{FAE04EC0-301F-11D3-BF4B-00C04F79EFBC}") = "SimpleAPI.Test", "test\SimpleAPI.Test\SimpleAPI.Test.csproj", "{0AFCDD75-AD4D-4F26-8F60-ECAAE1AAD099}"
EndProject
Global
	GlobalSection(SolutionConfigurationPlatforms) = preSolution
		Debug|Any CPU = Debug|Any CPU
		Debug|x64 = Debug|x64
		Debug|x86 = Debug|x86
		Release|Any CPU = Release|Any CPU
		Release|x64 = Release|x64
		Release|x86 = Release|x86
	EndGlobalSection
	GlobalSection(SolutionProperties) = preSolution
		HideSolutionNode = FALSE
	EndGlobalSection
	GlobalSection(ProjectConfigurationPlatforms) = postSolution
		{59DA0F87-76AE-47CB-94B5-5E29EFEE1C9C}.Debug|Any CPU.ActiveCfg = Debug|Any CPU
		{59DA0F87-76AE-47CB-94B5-5E29EFEE1C9C}.Debug|Any CPU.Build.0 = Debug|Any CPU
		{59DA0F87-76AE-47CB-94B5-5E29EFEE1C9C}.Debug|x64.ActiveCfg = Debug|Any CPU
		{59DA0F87-76AE-47CB-94B5-5E29EFEE1C9C}.Debug|x64.Build.0 = Debug|Any CPU
		{59DA0F87-76AE-47CB-94B5-5E29EFEE1C9C}.Debug|x86.ActiveCfg = Debug|Any CPU
		{59DA0F87-76AE-47CB-94B5-5E29EFEE1C9C}.Debug|x86.Build.0 = Debug|Any CPU
		{59DA0F87-76AE-47CB-94B5-5E29EFEE1C9C}.Release|Any CPU.ActiveCfg = Release|Any CPU
		{59DA0F87-76AE-47CB-94B5-5E29EFEE1C9C}.Release|Any CPU.Build.0 = Release|Any CPU
		{59DA0F87-76AE-47CB-94B5-5E29EFEE1C9C}.Release|x64.ActiveCfg = Release|Any CPU
		{59DA0F87-76AE-47CB-94B5-5E29EFEE1C9C}.Release|x64.Build.0 = Release|Any CPU
		{59DA0F87-76AE-47CB-94B5-5E29EFEE1C9C}.Release|x86.ActiveCfg = Release|Any CPU
		{59DA0F87-76AE-47CB-94B5-5E29EFEE1C9C}.Release|x86.Build.0 = Release|Any CPU
		{0AFCDD75-AD4D-4F26-8F60-ECAAE1AAD099}.Debug|Any CPU.ActiveCfg = Debug|Any CPU
		{0AFCDD75-AD4D-4F26-8F60-ECAAE1AAD099}.Debug|Any CPU.Build.0 = Debug|Any CPU
		{0AFCDD75-AD4D-4F26-8F60-ECAAE1AAD099}.Debug|x64.ActiveCfg = Debug|Any CPU
		{0AFCDD75-AD4D-4F26-8F60-ECAAE1AAD099}.Debug|x64.Build.0 = Debug|Any CPU
		{0AFCDD75-AD4D-4F26-8F60-ECAAE1AAD099}.Debug|x86.ActiveCfg = Debug|Any CPU
		{0AFCDD75-AD4D-4F26-8F60-ECAAE1AAD099}.Debug|x86.Build.0 = Debug|Any CPU
		{0AFCDD75-AD4D-4F26-8F60-ECAAE1AAD099}.Release|Any CPU.ActiveCfg = Release|Any CPU
		{0AFCDD75-AD4D-4F26-8F60-ECAAE1AAD099}.Release|Any CPU.Build.0 = Release|Any CPU
		{0AFCDD75-AD4D-4F26-8F60-ECAAE1AAD099}.Release|x64.ActiveCfg = Release|Any CPU
		{0AFCDD75-AD4D-4F26-8F60-ECAAE1AAD099}.Release|x64.Build.0 = Release|Any CPU
		{0AFCDD75-AD4D-4F26-8F60-ECAAE1AAD099}.Release|x86.ActiveCfg = Release|Any CPU
		{0AFCDD75-AD4D-4F26-8F60-ECAAE1AAD099}.Release|x86.Build.0 = Release|Any CPU
	EndGlobalSection
	GlobalSection(NestedProjects) = preSolution
		{59DA0F87-76AE-47CB-94B5-5E29EFEE1C9C} = {C8B323D3-1BCA-4B50-8399-E5318479AD48}
		{0AFCDD75-AD4D-4F26-8F60-ECAAE1AAD099} = {385FCEDB-1EE8-4528-B94D-A44BBF62E387}
	EndGlobalSection
EndGlobal
